{
  "projects": [
    {
      "projectId": "8PziLNLiwDrVWxn4w3TkNb",
      "version": "latest",
      "dependencies": {},
      "lang": "ts",
      "fileLocks": [
        {
          "type": "globalVariant",
          "assetId": "O6WYkaevW5Xod",
          "checksum": "aa89a2ccad1d6d26aeb893e8661813d6"
        },
        {
          "type": "renderModule",
          "assetId": "OmsGOMJOWuYk",
          "checksum": "2b66176c4e30ff2c9b726cdd3797fdbd"
        },
        {
          "type": "cssRules",
          "assetId": "OmsGOMJOWuYk",
          "checksum": "2b66176c4e30ff2c9b726cdd3797fdbd"
        },
        {
          "type": "renderModule",
          "assetId": "J2h6uk0-o-l",
          "checksum": "ccd8a70309daa9615d2fea6c56c45f43"
        },
        {
          "type": "cssRules",
          "assetId": "J2h6uk0-o-l",
          "checksum": "ccd8a70309daa9615d2fea6c56c45f43"
        },
        {
          "type": "icon",
          "assetId": "2vWieQGBNWQ",
          "checksum": "425f6938d2bf51066f0173e58ca5c91a"
        },
        {
          "type": "icon",
          "assetId": "4WyomEzVufS",
          "checksum": "f594092c088cac32634cd44e4d8f7ff5"
        },
        {
          "type": "icon",
          "assetId": "gU5MgPY35KE",
          "checksum": "14952ab1074614644771c69aee21f57f"
        },
        {
          "type": "icon",
          "assetId": "X1ymrdv2i3",
          "checksum": "3c20686ea75d54276d8fc678c3ffd589"
        },
        {
          "type": "renderModule",
          "assetId": "tdd4VyVt1w",
          "checksum": "8c30f47fd74ea6a7ab021b76fa83c37e"
        },
        {
          "type": "cssRules",
          "assetId": "tdd4VyVt1w",
          "checksum": "8c30f47fd74ea6a7ab021b76fa83c37e"
        },
        {
          "type": "renderModule",
          "assetId": "c4S_3UOZbZ",
          "checksum": "ef51c51bb2bbec36b56e3873988d4a92"
        },
        {
          "type": "cssRules",
          "assetId": "c4S_3UOZbZ",
          "checksum": "ef51c51bb2bbec36b56e3873988d4a92"
        },
        {
          "assetId": "8PziLNLiwDrVWxn4w3TkNb",
          "type": "projectCss",
          "checksum": "f14ada88eee8ce75a415f5871f38220c"
        }
      ],
      "codegenVersion": "0.0.1"
    },
    {
      "projectId": "caTPwKxj5ZrD9LQ7DMdK4Z",
      "version": "3.23.0",
      "dependencies": {},
      "lang": "ts",
      "fileLocks": [
        {
          "assetId": "caTPwKxj5ZrD9LQ7DMdK4Z",
          "type": "projectCss",
          "checksum": "e1ec850476829c38b0f9b6d4f7ac446a"
        }
      ],
      "codegenVersion": "0.0.1"
    }
  ],
  "cliVersion": "0.1.286"
}
