{
  "projects": [
    {
      "projectId": "8PziLNLiwDrVWxn4w3TkNb",
      "version": "latest",
      "dependencies": {
        "caTPwKxj5ZrD9LQ7DMdK4Z": "3.23.0"
      },
      "lang": "ts",
      "fileLocks": [
        {
          "type": "globalVariant",
          "assetId": "O6WYkaevW5Xod",
          "checksum": "2577142ad437a450f306694582817eac"
        },
        {
          "type": "renderModule",
          "assetId": "OmsGOMJOWuYk",
          "checksum": "a54ff4e0f00074699f063215801aebba"
        },
        {
          "type": "cssRules",
          "assetId": "OmsGOMJOWuYk",
          "checksum": "a54ff4e0f00074699f063215801aebba"
        },
        {
          "type": "renderModule",
          "assetId": "J2h6uk0-o-l",
          "checksum": "3323f337729e3718e27c2213bb27c1e8"
        },
        {
          "type": "cssRules",
          "assetId": "J2h6uk0-o-l",
          "checksum": "3323f337729e3718e27c2213bb27c1e8"
        },
        {
          "type": "icon",
          "assetId": "2vWieQGBNWQ",
          "checksum": "425f6938d2bf51066f0173e58ca5c91a"
        },
        {
          "type": "icon",
          "assetId": "4WyomEzVufS",
          "checksum": "f594092c088cac32634cd44e4d8f7ff5"
        },
        {
          "type": "icon",
          "assetId": "gU5MgPY35KE",
          "checksum": "14952ab1074614644771c69aee21f57f"
        },
        {
          "type": "icon",
          "assetId": "X1ymrdv2i3",
          "checksum": "3c20686ea75d54276d8fc678c3ffd589"
        },
        {
          "type": "renderModule",
          "assetId": "tdd4VyVt1w",
          "checksum": "185a3eac1c8e30c0344b2c3674c5e75f"
        },
        {
          "type": "cssRules",
          "assetId": "tdd4VyVt1w",
          "checksum": "185a3eac1c8e30c0344b2c3674c5e75f"
        },
        {
          "type": "renderModule",
          "assetId": "c4S_3UOZbZ",
          "checksum": "9eb0aa55a722a6c1745453b8b10d4fd8"
        },
        {
          "type": "cssRules",
          "assetId": "c4S_3UOZbZ",
          "checksum": "9eb0aa55a722a6c1745453b8b10d4fd8"
        },
        {
          "assetId": "8PziLNLiwDrVWxn4w3TkNb",
          "type": "projectCss",
          "checksum": "651ddf0c6df5100048ed88dc4c37f4e1"
        }
      ],
      "codegenVersion": "0.0.1"
    },
    {
      "projectId": "caTPwKxj5ZrD9LQ7DMdK4Z",
      "version": "3.19.0",
      "dependencies": {},
      "lang": "ts",
      "fileLocks": [
        {
          "assetId": "caTPwKxj5ZrD9LQ7DMdK4Z",
          "type": "projectCss",
          "checksum": "9fe64c4dd8439ba4d2df6de161f0ad40"
        }
      ],
      "codegenVersion": "0.0.1"
    }
  ],
  "cliVersion": "0.1.286"
}
