{
  "projects": [
    {
      "projectId": "8PziLNLiwDrVWxn4w3TkNb",
      "version": "latest",
      "dependencies": {},
      "lang": "ts",
      "fileLocks": [
        {
          "type": "globalVariant",
          "assetId": "O6WYkaevW5Xod",
          "checksum": "2577142ad437a450f306694582817eac"
        },
        {
          "type": "renderModule",
          "assetId": "OmsGOMJOWuYk",
          "checksum": "9bfc04bd887d4543ec7c9e0f9270e8c6"
        },
        {
          "type": "cssRules",
          "assetId": "OmsGOMJOWuYk",
          "checksum": "9bfc04bd887d4543ec7c9e0f9270e8c6"
        },
        {
          "type": "renderModule",
          "assetId": "J2h6uk0-o-l",
          "checksum": "ab6b1c4ef8ac67428a3db47bb626563a"
        },
        {
          "type": "cssRules",
          "assetId": "J2h6uk0-o-l",
          "checksum": "ab6b1c4ef8ac67428a3db47bb626563a"
        },
        {
          "type": "icon",
          "assetId": "2vWieQGBNWQ",
          "checksum": "425f6938d2bf51066f0173e58ca5c91a"
        },
        {
          "type": "icon",
          "assetId": "4WyomEzVufS",
          "checksum": "f594092c088cac32634cd44e4d8f7ff5"
        },
        {
          "type": "icon",
          "assetId": "gU5MgPY35KE",
          "checksum": "14952ab1074614644771c69aee21f57f"
        },
        {
          "type": "icon",
          "assetId": "X1ymrdv2i3",
          "checksum": "3c20686ea75d54276d8fc678c3ffd589"
        },
        {
          "type": "renderModule",
          "assetId": "tdd4VyVt1w",
          "checksum": "8fc86eac1c7f247f74d0428dc4a5343a"
        },
        {
          "type": "cssRules",
          "assetId": "tdd4VyVt1w",
          "checksum": "8fc86eac1c7f247f74d0428dc4a5343a"
        },
        {
          "type": "renderModule",
          "assetId": "c4S_3UOZbZ",
          "checksum": "409c6ec16b0bc89f870e2f289496f83e"
        },
        {
          "type": "cssRules",
          "assetId": "c4S_3UOZbZ",
          "checksum": "409c6ec16b0bc89f870e2f289496f83e"
        },
        {
          "assetId": "8PziLNLiwDrVWxn4w3TkNb",
          "type": "projectCss",
          "checksum": "f14ada88eee8ce75a415f5871f38220c"
        }
      ],
      "codegenVersion": "0.0.1"
    },
    {
      "projectId": "caTPwKxj5ZrD9LQ7DMdK4Z",
      "version": "3.23.0",
      "dependencies": {},
      "lang": "ts",
      "fileLocks": [
        {
          "assetId": "caTPwKxj5ZrD9LQ7DMdK4Z",
          "type": "projectCss",
          "checksum": "e1ec850476829c38b0f9b6d4f7ac446a"
        }
      ],
      "codegenVersion": "0.0.1"
    }
  ],
  "cliVersion": "0.1.286"
}
